// !$*UTF8*$!
{
	archiveVersion = 1;
	classes = {
	};
	objectVersion = 46;
	objects = {

/* Begin PBXBuildFile section */
		CC69510B1C322A3C000D6C51 /* AppDelegate.swift in Sources */ = {isa = PBXBuildFile; fileRef = CC69510A1C322A3C000D6C51 /* AppDelegate.swift */; };
		CC69510D1C322A3C000D6C51 /* ViewController.swift in Sources */ = {isa = PBXBuildFile; fileRef = CC69510C1C322A3C000D6C51 /* ViewController.swift */; };
		CC6951101C322A3C000D6C51 /* Main.storyboard in Resources */ = {isa = PBXBuildFile; fileRef = CC69510E1C322A3C000D6C51 /* Main.storyboard */; };
		CC6951121C322A3C000D6C51 /* Assets.xcassets in Resources */ = {isa = PBXBuildFile; fileRef = CC6951111C322A3C000D6C51 /* Assets.xcassets */; };
		CC6951151C322A3C000D6C51 /* LaunchScreen.storyboard in Resources */ = {isa = PBXBuildFile; fileRef = CC6951131C322A3C000D6C51 /* LaunchScreen.storyboard */; };
		CC6951201C322A3C000D6C51 /* TipperTests.swift in Sources */ = {isa = PBXBuildFile; fileRef = CC69511F1C322A3C000D6C51 /* TipperTests.swift */; };
		CC69512B1C322A3C000D6C51 /* TipperUITests.swift in Sources */ = {isa = PBXBuildFile; fileRef = CC69512A1C322A3C000D6C51 /* TipperUITests.swift */; };
/* End PBXBuildFile section */

/* Begin PBXContainerItemProxy section */
		CC69511C1C322A3C000D6C51 /* PBXContainerItemProxy */ = {
			isa = PBXContainerItemProxy;
			containerPortal = CC6950FF1C322A3C000D6C51 /* Project object */;
			proxyType = 1;
			remoteGlobalIDString = CC6951061C322A3C000D6C51;
			remoteInfo = Tipper;
		};
		CC6951271C322A3C000D6C51 /* PBXContainerItemProxy */ = {
			isa = PBXContainerItemProxy;
			containerPortal = CC6950FF1C322A3C000D6C51 /* Project object */;
			proxyType = 1;
			remoteGlobalIDString = CC6951061C322A3C000D6C51;
			remoteInfo = Tipper;
		};
/* End PBXContainerItemProxy section */

/* Begin PBXFileReference section */
		CC6951071C322A3C000D6C51 /* Tipper.app */ = {isa = PBXFileReference; explicitFileType = wrapper.application; includeInIndex = 0; path = Tipper.app; sourceTree = BUILT_PRODUCTS_DIR; };
		CC69510A1C322A3C000D6C51 /* AppDelegate.swift */ = {isa = PBXFileReference; lastKnownFileType = sourcecode.swift; path = AppDelegate.swift; sourceTree = "<group>"; };
		CC69510C1C322A3C000D6C51 /* ViewController.swift */ = {isa = PBXFileReference; lastKnownFileType = sourcecode.swift; path = ViewController.swift; sourceTree = "<group>"; };
		CC69510F1C322A3C000D6C51 /* Base */ = {isa = PBXFileReference; lastKnownFileType = file.storyboard; name = Base; path = Base.lproj/Main.storyboard; sourceTree = "<group>"; };
		CC6951111C322A3C000D6C51 /* Assets.xcassets */ = {isa = PBXFileReference; lastKnownFileType = folder.assetcatalog; path = Assets.xcassets; sourceTree = "<group>"; };
		CC6951141C322A3C000D6C51 /* Base */ = {isa = PBXFileReference; lastKnownFileType = file.storyboard; name = Base; path = Base.lproj/LaunchScreen.storyboard; sourceTree = "<group>"; };
		CC6951161C322A3C000D6C51 /* Info.plist */ = {isa = PBXFileReference; lastKnownFileType = text.plist.xml; path = Info.plist; sourceTree = "<group>"; };
		CC69511B1C322A3C000D6C51 /* TipperTests.xctest */ = {isa = PBXFileReference; explicitFileType = wrapper.cfbundle; includeInIndex = 0; path = TipperTests.xctest; sourceTree = BUILT_PRODUCTS_DIR; };
		CC69511F1C322A3C000D6C51 /* TipperTests.swift */ = {isa = PBXFileReference; lastKnownFileType = sourcecode.swift; path = TipperTests.swift; sourceTree = "<group>"; };
		CC6951211C322A3C000D6C51 /* Info.plist */ = {isa = PBXFileReference; lastKnownFileType = text.plist.xml; path = Info.plist; sourceTree = "<group>"; };
		CC6951261C322A3C000D6C51 /* TipperUITests.xctest */ = {isa = PBXFileReference; explicitFileType = wrapper.cfbundle; includeInIndex = 0; path = TipperUITests.xctest; sourceTree = BUILT_PRODUCTS_DIR; };
		CC69512A1C322A3C000D6C51 /* TipperUITests.swift */ = {isa = PBXFileReference; lastKnownFileType = sourcecode.swift; path = TipperUITests.swift; sourceTree = "<group>"; };
		CC69512C1C322A3C000D6C51 /* Info.plist */ = {isa = PBXFileReference; lastKnownFileType = text.plist.xml; path = Info.plist; sourceTree = "<group>"; };
/* End PBXFileReference section */

/* Begin PBXFrameworksBuildPhase section */
		CC6951041C322A3C000D6C51 /* Frameworks */ = {
			isa = PBXFrameworksBuildPhase;
			buildActionMask = 2147483647;
			files = (
			);
			runOnlyForDeploymentPostprocessing = 0;
		};
		CC6951181C322A3C000D6C51 /* Frameworks */ = {
			isa = PBXFrameworksBuildPhase;
			buildActionMask = 2147483647;
			files = (
			);
			runOnlyForDeploymentPostprocessing = 0;
		};
		CC6951231C322A3C000D6C51 /* Frameworks */ = {
			isa = PBXFrameworksBuildPhase;
			buildActionMask = 2147483647;
			files = (
			);
			runOnlyForDeploymentPostprocessing = 0;
		};
/* End PBXFrameworksBuildPhase section */

/* Begin PBXGroup section */
		CC6950FE1C322A3C000D6C51 = {
			isa = PBXGroup;
			children = (
				CC6951091C322A3C000D6C51 /* Tipper */,
				CC69511E1C322A3C000D6C51 /* TipperTests */,
				CC6951291C322A3C000D6C51 /* TipperUITests */,
				CC6951081C322A3C000D6C51 /* Products */,
			);
			sourceTree = "<group>";
		};
		CC6951081C322A3C000D6C51 /* Products */ = {
			isa = PBXGroup;
			children = (
				CC6951071C322A3C000D6C51 /* Tipper.app */,
				CC69511B1C322A3C000D6C51 /* TipperTests.xctest */,
				CC6951261C322A3C000D6C51 /* TipperUITests.xctest */,
			);
			name = Products;
			sourceTree = "<group>";
		};
		CC6951091C322A3C000D6C51 /* Tipper */ = {
			isa = PBXGroup;
			children = (
				CC69510A1C322A3C000D6C51 /* AppDelegate.swift */,
				CC69510C1C322A3C000D6C51 /* ViewController.swift */,
				CC69510E1C322A3C000D6C51 /* Main.storyboard */,
				CC6951111C322A3C000D6C51 /* Assets.xcassets */,
				CC6951131C322A3C000D6C51 /* LaunchScreen.storyboard */,
				CC6951161C322A3C000D6C51 /* Info.plist */,
			);
			path = Tipper;
			sourceTree = "<group>";
		};
		CC69511E1C322A3C000D6C51 /* TipperTests */ = {
			isa = PBXGroup;
			children = (
				CC69511F1C322A3C000D6C51 /* TipperTests.swift */,
				CC6951211C322A3C000D6C51 /* Info.plist */,
			);
			path = TipperTests;
			sourceTree = "<group>";
		};
		CC6951291C322A3C000D6C51 /* TipperUITests */ = {
			isa = PBXGroup;
			children = (
				CC69512A1C322A3C000D6C51 /* TipperUITests.swift */,
				CC69512C1C322A3C000D6C51 /* Info.plist */,
			);
			path = TipperUITests;
			sourceTree = "<group>";
		};
/* End PBXGroup section */

/* Begin PBXNativeTarget section */
		CC6951061C322A3C000D6C51 /* Tipper */ = {
			isa = PBXNativeTarget;
			buildConfigurationList = CC69512F1C322A3C000D6C51 /* Build configuration list for PBXNativeTarget "Tipper" */;
			buildPhases = (
				CC6951031C322A3C000D6C51 /* Sources */,
				CC6951041C322A3C000D6C51 /* Frameworks */,
				CC6951051C322A3C000D6C51 /* Resources */,
			);
			buildRules = (
			);
			dependencies = (
			);
			name = Tipper;
			productName = Tipper;
			productReference = CC6951071C322A3C000D6C51 /* Tipper.app */;
			productType = "com.apple.product-type.application";
		};
		CC69511A1C322A3C000D6C51 /* TipperTests */ = {
			isa = PBXNativeTarget;
			buildConfigurationList = CC6951321C322A3C000D6C51 /* Build configuration list for PBXNativeTarget "TipperTests" */;
			buildPhases = (
				CC6951171C322A3C000D6C51 /* Sources */,
				CC6951181C322A3C000D6C51 /* Frameworks */,
				CC6951191C322A3C000D6C51 /* Resources */,
			);
			buildRules = (
			);
			dependencies = (
				CC69511D1C322A3C000D6C51 /* PBXTargetDependency */,
			);
			name = TipperTests;
			productName = TipperTests;
			productReference = CC69511B1C322A3C000D6C51 /* TipperTests.xctest */;
			productType = "com.apple.product-type.bundle.unit-test";
		};
		CC6951251C322A3C000D6C51 /* TipperUITests */ = {
			isa = PBXNativeTarget;
			buildConfigurationList = CC6951351C322A3C000D6C51 /* Build configuration list for PBXNativeTarget "TipperUITests" */;
			buildPhases = (
				CC6951221C322A3C000D6C51 /* Sources */,
				CC6951231C322A3C000D6C51 /* Frameworks */,
				CC6951241C322A3C000D6C51 /* Resources */,
			);
			buildRules = (
			);
			dependencies = (
				CC6951281C322A3C000D6C51 /* PBXTargetDependency */,
			);
			name = TipperUITests;
			productName = TipperUITests;
			productReference = CC6951261C322A3C000D6C51 /* TipperUITests.xctest */;
			productType = "com.apple.product-type.bundle.ui-testing";
		};
/* End PBXNativeTarget section */

/* Begin PBXProject section */
		CC6950FF1C322A3C000D6C51 /* Project object */ = {
			isa = PBXProject;
			attributes = {
				LastSwiftUpdateCheck = 0720;
				LastUpgradeCheck = 0720;
				ORGANIZATIONNAME = codepath;
				TargetAttributes = {
					CC6951061C322A3C000D6C51 = {
						CreatedOnToolsVersion = 7.2;
						DevelopmentTeam = QVBZG97EXJ;
					};
					CC69511A1C322A3C000D6C51 = {
						CreatedOnToolsVersion = 7.2;
						TestTargetID = CC6951061C322A3C000D6C51;
					};
					CC6951251C322A3C000D6C51 = {
						CreatedOnToolsVersion = 7.2;
						TestTargetID = CC6951061C322A3C000D6C51;
					};
				};
			};
			buildConfigurationList = CC6951021C322A3C000D6C51 /* Build configuration list for PBXProject "Tipper" */;
			compatibilityVersion = "Xcode 3.2";
			developmentRegion = English;
			hasScannedForEncodings = 0;
			knownRegions = (
				en,
				Base,
			);
			mainGroup = CC6950FE1C322A3C000D6C51;
			productRefGroup = CC6951081C322A3C000D6C51 /* Products */;
			projectDirPath = "";
			projectRoot = "";
			targets = (
				CC6951061C322A3C000D6C51 /* Tipper */,
				CC69511A1C322A3C000D6C51 /* TipperTests */,
				CC6951251C322A3C000D6C51 /* TipperUITests */,
			);
		};
/* End PBXProject section */

/* Begin PBXResourcesBuildPhase section */
		CC6951051C322A3C000D6C51 /* Resources */ = {
			isa = PBXResourcesBuildPhase;
			buildActionMask = 2147483647;
			files = (
				CC6951151C322A3C000D6C51 /* LaunchScreen.storyboard in Resources */,
				CC6951121C322A3C000D6C51 /* Assets.xcassets in Resources */,
				CC6951101C322A3C000D6C51 /* Main.storyboard in Resources */,
			);
			runOnlyForDeploymentPostprocessing = 0;
		};
		CC6951191C322A3C000D6C51 /* Resources */ = {
			isa = PBXResourcesBuildPhase;
			buildActionMask = 2147483647;
			files = (
			);
			runOnlyForDeploymentPostprocessing = 0;
		};
		CC6951241C322A3C000D6C51 /* Resources */ = {
			isa = PBXResourcesBuildPhase;
			buildActionMask = 2147483647;
			files = (
			);
			runOnlyForDeploymentPostprocessing = 0;
		};
/* End PBXResourcesBuildPhase section */

/* Begin PBXSourcesBuildPhase section */
		CC6951031C322A3C000D6C51 /* Sources */ = {
			isa = PBXSourcesBuildPhase;
			buildActionMask = 2147483647;
			files = (
				CC69510D1C322A3C000D6C51 /* ViewController.swift in Sources */,
				CC69510B1C322A3C000D6C51 /* AppDelegate.swift in Sources */,
			);
			runOnlyForDeploymentPostprocessing = 0;
		};
		CC6951171C322A3C000D6C51 /* Sources */ = {
			isa = PBXSourcesBuildPhase;
			buildActionMask = 2147483647;
			files = (
				CC6951201C322A3C000D6C51 /* TipperTests.swift in Sources */,
			);
			runOnlyForDeploymentPostprocessing = 0;
		};
		CC6951221C322A3C000D6C51 /* Sources */ = {
			isa = PBXSourcesBuildPhase;
			buildActionMask = 2147483647;
			files = (
				CC69512B1C322A3C000D6C51 /* TipperUITests.swift in Sources */,
			);
			runOnlyForDeploymentPostprocessing = 0;
		};
/* End PBXSourcesBuildPhase section */

/* Begin PBXTargetDependency section */
		CC69511D1C322A3C000D6C51 /* PBXTargetDependency */ = {
			isa = PBXTargetDependency;
			target = CC6951061C322A3C000D6C51 /* Tipper */;
			targetProxy = CC69511C1C322A3C000D6C51 /* PBXContainerItemProxy */;
		};
		CC6951281C322A3C000D6C51 /* PBXTargetDependency */ = {
			isa = PBXTargetDependency;
			target = CC6951061C322A3C000D6C51 /* Tipper */;
			targetProxy = CC6951271C322A3C000D6C51 /* PBXContainerItemProxy */;
		};
/* End PBXTargetDependency section */

/* Begin PBXVariantGroup section */
		CC69510E1C322A3C000D6C51 /* Main.storyboard */ = {
			isa = PBXVariantGroup;
			children = (
				CC69510F1C322A3C000D6C51 /* Base */,
			);
			name = Main.storyboard;
			sourceTree = "<group>";
		};
		CC6951131C322A3C000D6C51 /* LaunchScreen.storyboard */ = {
			isa = PBXVariantGroup;
			children = (
				CC6951141C322A3C000D6C51 /* Base */,
			);
			name = LaunchScreen.storyboard;
			sourceTree = "<group>";
		};
/* End PBXVariantGroup section */

/* Begin XCBuildConfiguration section */
		CC69512D1C322A3C000D6C51 /* Debug */ = {
			isa = XCBuildConfiguration;
			buildSettings = {
				ALWAYS_SEARCH_USER_PATHS = NO;
				CLANG_CXX_LANGUAGE_STANDARD = "gnu++0x";
				CLANG_CXX_LIBRARY = "libc++";
				CLANG_ENABLE_MODULES = YES;
				CLANG_ENABLE_OBJC_ARC = YES;
				CLANG_WARN_BOOL_CONVERSION = YES;
				CLANG_WARN_CONSTANT_CONVERSION = YES;
				CLANG_WARN_DIRECT_OBJC_ISA_USAGE = YES_ERROR;
				CLANG_WARN_EMPTY_BODY = YES;
				CLANG_WARN_ENUM_CONVERSION = YES;
				CLANG_WARN_INT_CONVERSION = YES;
				CLANG_WARN_OBJC_ROOT_CLASS = YES_ERROR;
				CLANG_WARN_UNREACHABLE_CODE = YES;
				CLANG_WARN__DUPLICATE_METHOD_MATCH = YES;
				"CODE_SIGN_IDENTITY[sdk=iphoneos*]" = "iPhone Developer";
				COPY_PHASE_STRIP = NO;
				DEBUG_INFORMATION_FORMAT = dwarf;
				ENABLE_STRICT_OBJC_MSGSEND = YES;
				ENABLE_TESTABILITY = YES;
				GCC_C_LANGUAGE_STANDARD = gnu99;
				GCC_DYNAMIC_NO_PIC = NO;
				GCC_NO_COMMON_BLOCKS = YES;
				GCC_OPTIMIZATION_LEVEL = 0;
				GCC_PREPROCESSOR_DEFINITIONS = (
					"DEBUG=1",
					"$(inherited)",
				);
				GCC_WARN_64_TO_32_BIT_CONVERSION = YES;
				GCC_WARN_ABOUT_RETURN_TYPE = YES_ERROR;
				GCC_WARN_UNDECLARED_SELECTOR = YES;
				GCC_WARN_UNINITIALIZED_AUTOS = YES_AGGRESSIVE;
				GCC_WARN_UNUSED_FUNCTION = YES;
				GCC_WARN_UNUSED_VARIABLE = YES;
				IPHONEOS_DEPLOYMENT_TARGET = 9.2;
				MTL_ENABLE_DEBUG_INFO = YES;
				ONLY_ACTIVE_ARCH = YES;
				SDKROOT = iphoneos;
				SWIFT_OPTIMIZATION_LEVEL = "-Onone";
			};
			name = Debug;
		};
		CC69512E1C322A3C000D6C51 /* Release */ = {
			isa = XCBuildConfiguration;
			buildSettings = {
				ALWAYS_SEARCH_USER_PATHS = NO;
				CLANG_CXX_LANGUAGE_STANDARD = "gnu++0x";
				CLANG_CXX_LIBRARY = "libc++";
				CLANG_ENABLE_MODULES = YES;
				CLANG_ENABLE_OBJC_ARC = YES;
				CLANG_WARN_BOOL_CONVERSION = YES;
				CLANG_WARN_CONSTANT_CONVERSION = YES;
				CLANG_WARN_DIRECT_OBJC_ISA_USAGE = YES_ERROR;
				CLANG_WARN_EMPTY_BODY = YES;
				CLANG_WARN_ENUM_CONVERSION = YES;
				CLANG_WARN_INT_CONVERSION = YES;
				CLANG_WARN_OBJC_ROOT_CLASS = YES_ERROR;
				CLANG_WARN_UNREACHABLE_CODE = YES;
				CLANG_WARN__DUPLICATE_METHOD_MATCH = YES;
				"CODE_SIGN_IDENTITY[sdk=iphoneos*]" = "iPhone Developer";
				COPY_PHASE_STRIP = NO;
				DEBUG_INFORMATION_FORMAT = "dwarf-with-dsym";
				ENABLE_NS_ASSERTIONS = NO;
				ENABLE_STRICT_OBJC_MSGSEND = YES;
				GCC_C_LANGUAGE_STANDARD = gnu99;
				GCC_NO_COMMON_BLOCKS = YES;
				GCC_WARN_64_TO_32_BIT_CONVERSION = YES;
				GCC_WARN_ABOUT_RETURN_TYPE = YES_ERROR;
				GCC_WARN_UNDECLARED_SELECTOR = YES;
				GCC_WARN_UNINITIALIZED_AUTOS = YES_AGGRESSIVE;
				GCC_WARN_UNUSED_FUNCTION = YES;
				GCC_WARN_UNUSED_VARIABLE = YES;
				IPHONEOS_DEPLOYMENT_TARGET = 9.2;
				MTL_ENABLE_DEBUG_INFO = NO;
				SDKROOT = iphoneos;
				VALIDATE_PRODUCT = YES;
			};
			name = Release;
		};
		CC6951301C322A3C000D6C51 /* Debug */ = {
			isa = XCBuildConfiguration;
			buildSettings = {
				ASSETCATALOG_COMPILER_APPICON_NAME = AppIcon;
				CODE_SIGN_IDENTITY = "iPhone Developer";
				"CODE_SIGN_IDENTITY[sdk=iphoneos*]" = "iPhone Developer";
				INFOPLIST_FILE = Tipper/Info.plist;
				IPHONEOS_DEPLOYMENT_TARGET = 7.0;
				LD_RUNPATH_SEARCH_PATHS = "$(inherited) @executable_path/Frameworks";
				PRODUCT_BUNDLE_IDENTIFIER = com.codepath.Tipper;
				PRODUCT_NAME = "$(TARGET_NAME)";
				PROVISIONING_PROFILE = "";
				TARGETED_DEVICE_FAMILY = 1;
			};
			name = Debug;
		};
		CC6951311C322A3C000D6C51 /* Release */ = {
			isa = XCBuildConfiguration;
			buildSettings = {
				ASSETCATALOG_COMPILER_APPICON_NAME = AppIcon;
				CODE_SIGN_IDENTITY = "iPhone Developer";
				"CODE_SIGN_IDENTITY[sdk=iphoneos*]" = "iPhone Developer";
				INFOPLIST_FILE = Tipper/Info.plist;
				IPHONEOS_DEPLOYMENT_TARGET = 7.0;
				LD_RUNPATH_SEARCH_PATHS = "$(inherited) @executable_path/Frameworks";
				PRODUCT_BUNDLE_IDENTIFIER = com.codepath.Tipper;
				PRODUCT_NAME = "$(TARGET_NAME)";
				PROVISIONING_PROFILE = "";
				TARGETED_DEVICE_FAMILY = 1;
			};
			name = Release;
		};
		CC6951331C322A3C000D6C51 /* Debug */ = {
			isa = XCBuildConfiguration;
			buildSettings = {
				BUNDLE_LOADER = "$(TEST_HOST)";
				INFOPLIST_FILE = TipperTests/Info.plist;
				LD_RUNPATH_SEARCH_PATHS = "$(inherited) @executable_path/Frameworks @loader_path/Frameworks";
				PRODUCT_BUNDLE_IDENTIFIER = com.codepath.TipperTests;
				PRODUCT_NAME = "$(TARGET_NAME)";
				TEST_HOST = "$(BUILT_PRODUCTS_DIR)/Tipper.app/Tipper";
			};
			name = Debug;
		};
		CC6951341C322A3C000D6C51 /* Release */ = {
			isa = XCBuildConfiguration;
			buildSettings = {
				BUNDLE_LOADER = "$(TEST_HOST)";
				INFOPLIST_FILE = TipperTests/Info.plist;
				LD_RUNPATH_SEARCH_PATHS = "$(inherited) @executable_path/Frameworks @loader_path/Frameworks";
				PRODUCT_BUNDLE_IDENTIFIER = com.codepath.TipperTests;
				PRODUCT_NAME = "$(TARGET_NAME)";
				TEST_HOST = "$(BUILT_PRODUCTS_DIR)/Tipper.app/Tipper";
			};
			name = Release;
		};
		CC6951361C322A3C000D6C51 /* Debug */ = {
			isa = XCBuildConfiguration;
			buildSettings = {
				INFOPLIST_FILE = TipperUITests/Info.plist;
				LD_RUNPATH_SEARCH_PATHS = "$(inherited) @executable_path/Frameworks @loader_path/Frameworks";
				PRODUCT_BUNDLE_IDENTIFIER = com.codepath.TipperUITests;
				PRODUCT_NAME = "$(TARGET_NAME)";
				TEST_TARGET_NAME = Tipper;
				USES_XCTRUNNER = YES;
			};
			name = Debug;
		};
		CC6951371C322A3C000D6C51 /* Release */ = {
			isa = XCBuildConfiguration;
			buildSettings = {
				INFOPLIST_FILE = TipperUITests/Info.plist;
				LD_RUNPATH_SEARCH_PATHS = "$(inherited) @executable_path/Frameworks @loader_path/Frameworks";
				PRODUCT_BUNDLE_IDENTIFIER = com.codepath.TipperUITests;
				PRODUCT_NAME = "$(TARGET_NAME)";
				TEST_TARGET_NAME = Tipper;
				USES_XCTRUNNER = YES;
			};
			name = Release;
		};
/* End XCBuildConfiguration section */

/* Begin XCConfigurationList section */
		CC6951021C322A3C000D6C51 /* Build configuration list for PBXProject "Tipper" */ = {
			isa = XCConfigurationList;
			buildConfigurations = (
				CC69512D1C322A3C000D6C51 /* Debug */,
				CC69512E1C322A3C000D6C51 /* Release */,
			);
			defaultConfigurationIsVisible = 0;
			defaultConfigurationName = Release;
		};
		CC69512F1C322A3C000D6C51 /* Build configuration list for PBXNativeTarget "Tipper" */ = {
			isa = XCConfigurationList;
			buildConfigurations = (
				CC6951301C322A3C000D6C51 /* Debug */,
				CC6951311C322A3C000D6C51 /* Release */,
			);
			defaultConfigurationIsVisible = 0;
			defaultConfigurationName = Release;
		};
		CC6951321C322A3C000D6C51 /* Build configuration list for PBXNativeTarget "TipperTests" */ = {
			isa = XCConfigurationList;
			buildConfigurations = (
				CC6951331C322A3C000D6C51 /* Debug */,
				CC6951341C322A3C000D6C51 /* Release */,
			);
			defaultConfigurationIsVisible = 0;
			defaultConfigurationName = Release;
		};
		CC6951351C322A3C000D6C51 /* Build configuration list for PBXNativeTarget "TipperUITests" */ = {
			isa = XCConfigurationList;
			buildConfigurations = (
				CC6951361C322A3C000D6C51 /* Debug */,
				CC6951371C322A3C000D6C51 /* Release */,
			);
			defaultConfigurationIsVisible = 0;
			defaultConfigurationName = Release;
		};
/* End XCConfigurationList section */
	};
	rootObject = CC6950FF1C322A3C000D6C51 /* Project object */;
}
